
Microsoft Visual Studio Solution File, Format Version 12.00
# Visual Studio Version 17
VisualStudioVersion = 17.0.31903.59
MinimumVisualStudioVersion = 10.0.40219.1
Project("{2150E333-8FDC-42A3-9474-1A3956D46DE8}") = "src", "src", "{37AB89B1-8CA0-42C2-83D7-69B65D7C9546}"
EndProject
Project("{2150E333-8FDC-42A3-9474-1A3956D46DE8}") = "CatalogService", "CatalogService", "{6E3759B9-32AF-42EB-8897-F179E332E22E}"
EndProject
Project("{2150E333-8FDC-42A3-9474-1A3956D46DE8}") = "OrderService", "OrderService", "{064A6ADC-660F-4146-B21E-DEC181C5992D}"
EndProject
Project("{2150E333-8FDC-42A3-9474-1A3956D46DE8}") = "UserService", "UserService", "{BDE18F82-3E03-4A30-9BF8-DDB8261A4FCE}"
EndProject
Project("{9A19103F-16F7-4668-BE54-9A1E7A4F7556}") = "Api", "src\CatalogService\Api\Api.csproj", "{859A7774-B8B5-4003-8AD9-74F5C285BFCD}"
EndProject
Project("{9A19103F-16F7-4668-BE54-9A1E7A4F7556}") = "Application", "src\CatalogService\Application\Application.csproj", "{EB11006F-495B-4524-8088-E0A70FA8029B}"
EndProject
Project("{9A19103F-16F7-4668-BE54-9A1E7A4F7556}") = "Domain", "src\CatalogService\Domain\Domain.csproj", "{50713C92-E1BC-4A06-9CE0-E4322ADCD058}"
EndProject
Project("{9A19103F-16F7-4668-BE54-9A1E7A4F7556}") = "Infrastructure", "src\CatalogService\Infrastructure\Infrastructure.csproj", "{254E0946-3A89-4BA6-A0B5-C33962C81426}"
EndProject
Project("{9A19103F-16F7-4668-BE54-9A1E7A4F7556}") = "Application", "src\OrderService\Application\Application.csproj", "{08409B04-DFF4-49BA-86B4-8EABB1C11AB2}"
EndProject
Project("{9A19103F-16F7-4668-BE54-9A1E7A4F7556}") = "Domain", "src\OrderService\Domain\Domain.csproj", "{2DBF3453-9F33-4620-A2F3-932EEEDFEC56}"
EndProject
Project("{9A19103F-16F7-4668-BE54-9A1E7A4F7556}") = "Infrastructure", "src\OrderService\Infrastructure\Infrastructure.csproj", "{11FC9BE6-D3A6-4D7B-B4F8-0CF155AEC6D2}"
EndProject
Project("{9A19103F-16F7-4668-BE54-9A1E7A4F7556}") = "Api", "src\OrderService\Api\Api.csproj", "{EA2D0EE2-1449-44CA-A0A7-D82DB69B24C1}"
EndProject
Project("{9A19103F-16F7-4668-BE54-9A1E7A4F7556}") = "Api", "src\UserService\Api\Api.csproj", "{4C0E1498-7857-4826-A494-E571813A05A9}"
EndProject
Project("{9A19103F-16F7-4668-BE54-9A1E7A4F7556}") = "Application", "src\UserService\Application\Application.csproj", "{C48223E3-C1B8-45EB-A629-3DB38403B3ED}"
EndProject
Project("{9A19103F-16F7-4668-BE54-9A1E7A4F7556}") = "Domain", "src\UserService\Domain\Domain.csproj", "{7AFBDCAC-0033-4B73-A3DF-8D09F4D6B3C7}"
EndProject
Project("{9A19103F-16F7-4668-BE54-9A1E7A4F7556}") = "Infrastructure", "src\UserService\Infrastructure\Infrastructure.csproj", "{46389BA0-BFFB-4F42-A465-4E45FEB1D294}"
EndProject
Global
	GlobalSection(SolutionConfigurationPlatforms) = preSolution
		Debug|Any CPU = Debug|Any CPU
		Release|Any CPU = Release|Any CPU
	EndGlobalSection
	GlobalSection(ProjectConfigurationPlatforms) = postSolution
		{859A7774-B8B5-4003-8AD9-74F5C285BFCD}.Debug|Any CPU.ActiveCfg = Debug|Any CPU
		{859A7774-B8B5-4003-8AD9-74F5C285BFCD}.Debug|Any CPU.Build.0 = Debug|Any CPU
		{859A7774-B8B5-4003-8AD9-74F5C285BFCD}.Release|Any CPU.ActiveCfg = Release|Any CPU
		{859A7774-B8B5-4003-8AD9-74F5C285BFCD}.Release|Any CPU.Build.0 = Release|Any CPU
		{EB11006F-495B-4524-8088-E0A70FA8029B}.Debug|Any CPU.ActiveCfg = Debug|Any CPU
		{EB11006F-495B-4524-8088-E0A70FA8029B}.Debug|Any CPU.Build.0 = Debug|Any CPU
		{EB11006F-495B-4524-8088-E0A70FA8029B}.Release|Any CPU.ActiveCfg = Release|Any CPU
		{EB11006F-495B-4524-8088-E0A70FA8029B}.Release|Any CPU.Build.0 = Release|Any CPU
		{50713C92-E1BC-4A06-9CE0-E4322ADCD058}.Debug|Any CPU.ActiveCfg = Debug|Any CPU
		{50713C92-E1BC-4A06-9CE0-E4322ADCD058}.Debug|Any CPU.Build.0 = Debug|Any CPU
		{50713C92-E1BC-4A06-9CE0-E4322ADCD058}.Release|Any CPU.ActiveCfg = Release|Any CPU
		{50713C92-E1BC-4A06-9CE0-E4322ADCD058}.Release|Any CPU.Build.0 = Release|Any CPU
		{254E0946-3A89-4BA6-A0B5-C33962C81426}.Debug|Any CPU.ActiveCfg = Debug|Any CPU
		{254E0946-3A89-4BA6-A0B5-C33962C81426}.Debug|Any CPU.Build.0 = Debug|Any CPU
		{254E0946-3A89-4BA6-A0B5-C33962C81426}.Release|Any CPU.ActiveCfg = Release|Any CPU
		{254E0946-3A89-4BA6-A0B5-C33962C81426}.Release|Any CPU.Build.0 = Release|Any CPU
		{08409B04-DFF4-49BA-86B4-8EABB1C11AB2}.Debug|Any CPU.ActiveCfg = Debug|Any CPU
		{08409B04-DFF4-49BA-86B4-8EABB1C11AB2}.Debug|Any CPU.Build.0 = Debug|Any CPU
		{08409B04-DFF4-49BA-86B4-8EABB1C11AB2}.Release|Any CPU.ActiveCfg = Release|Any CPU
		{08409B04-DFF4-49BA-86B4-8EABB1C11AB2}.Release|Any CPU.Build.0 = Release|Any CPU
		{2DBF3453-9F33-4620-A2F3-932EEEDFEC56}.Debug|Any CPU.ActiveCfg = Debug|Any CPU
		{2DBF3453-9F33-4620-A2F3-932EEEDFEC56}.Debug|Any CPU.Build.0 = Debug|Any CPU
		{2DBF3453-9F33-4620-A2F3-932EEEDFEC56}.Release|Any CPU.ActiveCfg = Release|Any CPU
		{2DBF3453-9F33-4620-A2F3-932EEEDFEC56}.Release|Any CPU.Build.0 = Release|Any CPU
		{11FC9BE6-D3A6-4D7B-B4F8-0CF155AEC6D2}.Debug|Any CPU.ActiveCfg = Debug|Any CPU
		{11FC9BE6-D3A6-4D7B-B4F8-0CF155AEC6D2}.Debug|Any CPU.Build.0 = Debug|Any CPU
		{11FC9BE6-D3A6-4D7B-B4F8-0CF155AEC6D2}.Release|Any CPU.ActiveCfg = Release|Any CPU
		{11FC9BE6-D3A6-4D7B-B4F8-0CF155AEC6D2}.Release|Any CPU.Build.0 = Release|Any CPU
		{EA2D0EE2-1449-44CA-A0A7-D82DB69B24C1}.Debug|Any CPU.ActiveCfg = Debug|Any CPU
		{EA2D0EE2-1449-44CA-A0A7-D82DB69B24C1}.Debug|Any CPU.Build.0 = Debug|Any CPU
		{EA2D0EE2-1449-44CA-A0A7-D82DB69B24C1}.Release|Any CPU.ActiveCfg = Release|Any CPU
		{EA2D0EE2-1449-44CA-A0A7-D82DB69B24C1}.Release|Any CPU.Build.0 = Release|Any CPU
		{4C0E1498-7857-4826-A494-E571813A05A9}.Debug|Any CPU.ActiveCfg = Debug|Any CPU
		{4C0E1498-7857-4826-A494-E571813A05A9}.Debug|Any CPU.Build.0 = Debug|Any CPU
		{4C0E1498-7857-4826-A494-E571813A05A9}.Release|Any CPU.ActiveCfg = Release|Any CPU
		{4C0E1498-7857-4826-A494-E571813A05A9}.Release|Any CPU.Build.0 = Release|Any CPU
		{C48223E3-C1B8-45EB-A629-3DB38403B3ED}.Debug|Any CPU.ActiveCfg = Debug|Any CPU
		{C48223E3-C1B8-45EB-A629-3DB38403B3ED}.Debug|Any CPU.Build.0 = Debug|Any CPU
		{C48223E3-C1B8-45EB-A629-3DB38403B3ED}.Release|Any CPU.ActiveCfg = Release|Any CPU
		{C48223E3-C1B8-45EB-A629-3DB38403B3ED}.Release|Any CPU.Build.0 = Release|Any CPU
		{7AFBDCAC-0033-4B73-A3DF-8D09F4D6B3C7}.Debug|Any CPU.ActiveCfg = Debug|Any CPU
		{7AFBDCAC-0033-4B73-A3DF-8D09F4D6B3C7}.Debug|Any CPU.Build.0 = Debug|Any CPU
		{7AFBDCAC-0033-4B73-A3DF-8D09F4D6B3C7}.Release|Any CPU.ActiveCfg = Release|Any CPU
		{7AFBDCAC-0033-4B73-A3DF-8D09F4D6B3C7}.Release|Any CPU.Build.0 = Release|Any CPU
		{46389BA0-BFFB-4F42-A465-4E45FEB1D294}.Debug|Any CPU.ActiveCfg = Debug|Any CPU
		{46389BA0-BFFB-4F42-A465-4E45FEB1D294}.Debug|Any CPU.Build.0 = Debug|Any CPU
		{46389BA0-BFFB-4F42-A465-4E45FEB1D294}.Release|Any CPU.ActiveCfg = Release|Any CPU
		{46389BA0-BFFB-4F42-A465-4E45FEB1D294}.Release|Any CPU.Build.0 = Release|Any CPU
	EndGlobalSection
	GlobalSection(SolutionProperties) = preSolution
		HideSolutionNode = FALSE
	EndGlobalSection
	GlobalSection(NestedProjects) = preSolution
		{6E3759B9-32AF-42EB-8897-F179E332E22E} = {37AB89B1-8CA0-42C2-83D7-69B65D7C9546}
		{064A6ADC-660F-4146-B21E-DEC181C5992D} = {37AB89B1-8CA0-42C2-83D7-69B65D7C9546}
		{BDE18F82-3E03-4A30-9BF8-DDB8261A4FCE} = {37AB89B1-8CA0-42C2-83D7-69B65D7C9546}
		{859A7774-B8B5-4003-8AD9-74F5C285BFCD} = {6E3759B9-32AF-42EB-8897-F179E332E22E}
		{EB11006F-495B-4524-8088-E0A70FA8029B} = {6E3759B9-32AF-42EB-8897-F179E332E22E}
		{50713C92-E1BC-4A06-9CE0-E4322ADCD058} = {6E3759B9-32AF-42EB-8897-F179E332E22E}
		{254E0946-3A89-4BA6-A0B5-C33962C81426} = {6E3759B9-32AF-42EB-8897-F179E332E22E}
		{08409B04-DFF4-49BA-86B4-8EABB1C11AB2} = {064A6ADC-660F-4146-B21E-DEC181C5992D}
		{2DBF3453-9F33-4620-A2F3-932EEEDFEC56} = {064A6ADC-660F-4146-B21E-DEC181C5992D}
		{11FC9BE6-D3A6-4D7B-B4F8-0CF155AEC6D2} = {064A6ADC-660F-4146-B21E-DEC181C5992D}
		{EA2D0EE2-1449-44CA-A0A7-D82DB69B24C1} = {064A6ADC-660F-4146-B21E-DEC181C5992D}
		{4C0E1498-7857-4826-A494-E571813A05A9} = {BDE18F82-3E03-4A30-9BF8-DDB8261A4FCE}
		{C48223E3-C1B8-45EB-A629-3DB38403B3ED} = {BDE18F82-3E03-4A30-9BF8-DDB8261A4FCE}
		{7AFBDCAC-0033-4B73-A3DF-8D09F4D6B3C7} = {BDE18F82-3E03-4A30-9BF8-DDB8261A4FCE}
		{46389BA0-BFFB-4F42-A465-4E45FEB1D294} = {BDE18F82-3E03-4A30-9BF8-DDB8261A4FCE}
	EndGlobalSection
	GlobalSection(ExtensibilityGlobals) = postSolution
		SolutionGuid = {373D5F01-08A6-4D4B-A8AE-EA66571EEF00}
	EndGlobalSection
EndGlobal
